lockfileVersion: 5.4

specifiers:
  '-': ^0.0.1
  '@types/node': ^18.15.3
  g: ^2.0.1
  pnpm: ^7.29.3
  prettier: ^2.8.4
  typescript: ^4.9.5

dependencies:
  '-': 0.0.1
  g: 2.0.1
  pnpm: 7.29.3

devDependencies:
  '@types/node': 18.15.3
  prettier: 2.8.4
  typescript: 4.9.5

packages:

  /-/0.0.1:
    resolution: {integrity: sha512-3HfneK3DGAm05fpyj20sT3apkNcvPpCuccOThOPdzz8sY7GgQGe0l93XH9bt+YzibcTIgUAIMoyVJI740RtgyQ==}
    dev: false

  /@types/node/18.15.3:
    resolution: {integrity: sha512-p6ua9zBxz5otCmbpb5D3U4B5Nanw6Pk3PPyX05xnxbB/fRv71N7CPmORg7uAD5P70T0xmx1pzAx/FUfa5X+3cw==}
    dev: true

  /g/2.0.1:
    resolution: {integrity: sha512-Fi6Ng5fZ/ANLQ15H11hCe+09sgUoNvDEBevVgx3KoYOhsH5iLNPn54hx0jPZ+3oSWr+xajnp2Qau9VmPsc7hTA==}
    dev: false

  /pnpm/7.29.3:
    resolution: {integrity: sha512-w4tVG3ZV1txgM2bp9/XMmqSYYO3qdhyMVdU8S0zegVvfB6SxNL+nxRq5t7hhw+yc+GrKegyZuIp9aWPhy6NNMA==}
    engines: {node: '>=14.6'}
    hasBin: true
    dev: false

  /prettier/2.8.4:
    resolution: {integrity: sha512-vIS4Rlc2FNh0BySk3Wkd6xmwxB0FpOndW5fisM5H8hsZSxU2VWVB5CWIkIjWvrHjIhxk2g3bfMKM87zNTrZddw==}
    engines: {node: '>=10.13.0'}
    hasBin: true
    dev: true

  /typescript/4.9.5:
    resolution: {integrity: sha512-1FXk9E2Hm+QzZQ7z+McJiHL4NW1F2EzMu9Nq9i3zAaGqibafqYwCVU6WyWAuyQRRzOlxou8xZSyXLEN8oKj24g==}
    engines: {node: '>=4.2.0'}
    hasBin: true
    dev: true
